// !$*UTF8*$!
{
	archiveVersion = 1;
	classes = {
	};
	objectVersion = 48;
	objects = {

/* Begin PBXBuildFile section */
		8E117D41CE6706FAE2A46EE0 /* Pods_AstroUITests.framework in Frameworks */ = {isa = PBXBuildFile; fileRef = 828337F619A946F80221D1ED /* Pods_AstroUITests.framework */; };
		94E557D2E80C6AEC408A6F10 /* Pods_AstroTests.framework in Frameworks */ = {isa = PBXBuildFile; fileRef = 0B945CA394A76EAA8FD3D086 /* Pods_AstroTests.framework */; };
		B3A192CF0C6D6545E29E59A8 /* Pods_Astro.framework in Frameworks */ = {isa = PBXBuildFile; fileRef = 53D12C995DCBF5517DF0FF7E /* Pods_Astro.framework */; };
		EB31C2D51FA80C5800D70A84 /* AppDelegate.swift in Sources */ = {isa = PBXBuildFile; fileRef = EB31C2D41FA80C5800D70A84 /* AppDelegate.swift */; };
		EB31C2DA1FA80C5800D70A84 /* Main.storyboard in Resources */ = {isa = PBXBuildFile; fileRef = EB31C2D81FA80C5800D70A84 /* Main.storyboard */; };
		EB31C2DC1FA80C5800D70A84 /* Assets.xcassets in Resources */ = {isa = PBXBuildFile; fileRef = EB31C2DB1FA80C5800D70A84 /* Assets.xcassets */; };
		EB31C2DF1FA80C5800D70A84 /* LaunchScreen.storyboard in Resources */ = {isa = PBXBuildFile; fileRef = EB31C2DD1FA80C5800D70A84 /* LaunchScreen.storyboard */; };
		EB31C2EA1FA80C5900D70A84 /* AstroTests.swift in Sources */ = {isa = PBXBuildFile; fileRef = EB31C2E91FA80C5900D70A84 /* AstroTests.swift */; };
		EB31C2F51FA80C5900D70A84 /* AstroUITests.swift in Sources */ = {isa = PBXBuildFile; fileRef = EB31C2F41FA80C5900D70A84 /* AstroUITests.swift */; };
		EB31C3061FA81C5600D70A84 /* CoreData.framework in Frameworks */ = {isa = PBXBuildFile; fileRef = EB31C3051FA81C5600D70A84 /* CoreData.framework */; };
		EB31C3091FA81C8900D70A84 /* Astro.xcdatamodeld in Sources */ = {isa = PBXBuildFile; fileRef = EB31C3071FA81C8900D70A84 /* Astro.xcdatamodeld */; };
		EB31C30B1FA81D7300D70A84 /* PersistenceError.swift in Sources */ = {isa = PBXBuildFile; fileRef = EB31C30A1FA81D7300D70A84 /* PersistenceError.swift */; };
		EB31C30D1FA81D9000D70A84 /* Endpoints.swift in Sources */ = {isa = PBXBuildFile; fileRef = EB31C30C1FA81D9000D70A84 /* Endpoints.swift */; };
		EB31C30F1FA81EBC00D70A84 /* Channel.swift in Sources */ = {isa = PBXBuildFile; fileRef = EB31C30E1FA81EBC00D70A84 /* Channel.swift */; };
		EB31C3111FA81F9E00D70A84 /* Channel+CoreDataProperties.swift in Sources */ = {isa = PBXBuildFile; fileRef = EB31C3101FA81F9E00D70A84 /* Channel+CoreDataProperties.swift */; };
		EB31C3131FA81FF600D70A84 /* ChannelModel.swift in Sources */ = {isa = PBXBuildFile; fileRef = EB31C3121FA81FF600D70A84 /* ChannelModel.swift */; };
		EB31C3151FA8221800D70A84 /* CoreDataStore.swift in Sources */ = {isa = PBXBuildFile; fileRef = EB31C3141FA8221800D70A84 /* CoreDataStore.swift */; };
		EB31C3191FA82CB200D70A84 /* TabbarProtocols.swift in Sources */ = {isa = PBXBuildFile; fileRef = EB31C3181FA82CB200D70A84 /* TabbarProtocols.swift */; };
		EB31C31C1FA82CFA00D70A84 /* TabbarWireframe.swift in Sources */ = {isa = PBXBuildFile; fileRef = EB31C31B1FA82CFA00D70A84 /* TabbarWireframe.swift */; };
		EB31C3201FA830B600D70A84 /* ChannelListProtocols.swift in Sources */ = {isa = PBXBuildFile; fileRef = EB31C31F1FA830B600D70A84 /* ChannelListProtocols.swift */; };
		EB4AF04B1FA86BE9001B73D1 /* ResponseModel.swift in Sources */ = {isa = PBXBuildFile; fileRef = EB4AF04A1FA86BE9001B73D1 /* ResponseModel.swift */; };
		EB4AF0511FA87022001B73D1 /* GuideView.swift in Sources */ = {isa = PBXBuildFile; fileRef = EB4AF04F1FA87022001B73D1 /* GuideView.swift */; };
		EB4AF0521FA87022001B73D1 /* GuideView.xib in Resources */ = {isa = PBXBuildFile; fileRef = EB4AF0501FA87022001B73D1 /* GuideView.xib */; };
		EB4AF0551FA87060001B73D1 /* GuideWireframe.swift in Sources */ = {isa = PBXBuildFile; fileRef = EB4AF0541FA87060001B73D1 /* GuideWireframe.swift */; };
		EB4AF0571FA870D9001B73D1 /* GuideProtocols.swift in Sources */ = {isa = PBXBuildFile; fileRef = EB4AF0561FA870D9001B73D1 /* GuideProtocols.swift */; };
		EB4AF05A1FA8773B001B73D1 /* ChannelListWireframeTests.swift in Sources */ = {isa = PBXBuildFile; fileRef = EB4AF0591FA8773B001B73D1 /* ChannelListWireframeTests.swift */; };
		EB4AF05D1FA87B30001B73D1 /* GuideWireframeTests.swift in Sources */ = {isa = PBXBuildFile; fileRef = EB4AF05C1FA87B30001B73D1 /* GuideWireframeTests.swift */; };
		EBD01B371FA844C8008C50EC /* ChannelListCell.swift in Sources */ = {isa = PBXBuildFile; fileRef = EBD01B351FA844C8008C50EC /* ChannelListCell.swift */; };
		EBD01B381FA844C8008C50EC /* ChannelListCell.xib in Resources */ = {isa = PBXBuildFile; fileRef = EBD01B361FA844C8008C50EC /* ChannelListCell.xib */; };
		EBD01B3B1FA848A7008C50EC /* ChannelListView.swift in Sources */ = {isa = PBXBuildFile; fileRef = EBD01B391FA848A7008C50EC /* ChannelListView.swift */; };
		EBD01B3C1FA848A7008C50EC /* ChannelListView.xib in Resources */ = {isa = PBXBuildFile; fileRef = EBD01B3A1FA848A7008C50EC /* ChannelListView.xib */; };
		EBD01B3F1FA84B3F008C50EC /* ChannelListPresenter.swift in Sources */ = {isa = PBXBuildFile; fileRef = EBD01B3E1FA84B3F008C50EC /* ChannelListPresenter.swift */; };
		EBD01B421FA84BFF008C50EC /* ChannelListWireframe.swift in Sources */ = {isa = PBXBuildFile; fileRef = EBD01B411FA84BFF008C50EC /* ChannelListWireframe.swift */; };
		EBD01B451FA84FA8008C50EC /* ChannelListInteractor.swift in Sources */ = {isa = PBXBuildFile; fileRef = EBD01B441FA84FA8008C50EC /* ChannelListInteractor.swift */; };
		EBD01B491FA85255008C50EC /* ChannelListLocalDataManager.swift in Sources */ = {isa = PBXBuildFile; fileRef = EBD01B481FA85255008C50EC /* ChannelListLocalDataManager.swift */; };
		EBD01B4C1FA85401008C50EC /* ChannelListRemoteDataManager.swift in Sources */ = {isa = PBXBuildFile; fileRef = EBD01B4B1FA85401008C50EC /* ChannelListRemoteDataManager.swift */; };
/* End PBXBuildFile section */

/* Begin PBXContainerItemProxy section */
		EB31C2E61FA80C5900D70A84 /* PBXContainerItemProxy */ = {
			isa = PBXContainerItemProxy;
			containerPortal = EB31C2C91FA80C5800D70A84 /* Project object */;
			proxyType = 1;
			remoteGlobalIDString = EB31C2D01FA80C5800D70A84;
			remoteInfo = Astro;
		};
		EB31C2F11FA80C5900D70A84 /* PBXContainerItemProxy */ = {
			isa = PBXContainerItemProxy;
			containerPortal = EB31C2C91FA80C5800D70A84 /* Project object */;
			proxyType = 1;
			remoteGlobalIDString = EB31C2D01FA80C5800D70A84;
			remoteInfo = Astro;
		};
/* End PBXContainerItemProxy section */

/* Begin PBXFileReference section */
		0B945CA394A76EAA8FD3D086 /* Pods_AstroTests.framework */ = {isa = PBXFileReference; explicitFileType = wrapper.framework; includeInIndex = 0; path = Pods_AstroTests.framework; sourceTree = BUILT_PRODUCTS_DIR; };
		1A4154789D775F6C1A0EBE26 /* Pods-AstroTests.debug.xcconfig */ = {isa = PBXFileReference; includeInIndex = 1; lastKnownFileType = text.xcconfig; name = "Pods-AstroTests.debug.xcconfig"; path = "Pods/Target Support Files/Pods-AstroTests/Pods-AstroTests.debug.xcconfig"; sourceTree = "<group>"; };
		53D12C995DCBF5517DF0FF7E /* Pods_Astro.framework */ = {isa = PBXFileReference; explicitFileType = wrapper.framework; includeInIndex = 0; path = Pods_Astro.framework; sourceTree = BUILT_PRODUCTS_DIR; };
		587E186F74EB691D56119523 /* Pods-Astro.release.xcconfig */ = {isa = PBXFileReference; includeInIndex = 1; lastKnownFileType = text.xcconfig; name = "Pods-Astro.release.xcconfig"; path = "Pods/Target Support Files/Pods-Astro/Pods-Astro.release.xcconfig"; sourceTree = "<group>"; };
		78E8772252A16AB3144843C1 /* Pods-AstroUITests.release.xcconfig */ = {isa = PBXFileReference; includeInIndex = 1; lastKnownFileType = text.xcconfig; name = "Pods-AstroUITests.release.xcconfig"; path = "Pods/Target Support Files/Pods-AstroUITests/Pods-AstroUITests.release.xcconfig"; sourceTree = "<group>"; };
		828337F619A946F80221D1ED /* Pods_AstroUITests.framework */ = {isa = PBXFileReference; explicitFileType = wrapper.framework; includeInIndex = 0; path = Pods_AstroUITests.framework; sourceTree = BUILT_PRODUCTS_DIR; };
		9CC3BBA86F7A67B6395127C8 /* Pods-Astro.debug.xcconfig */ = {isa = PBXFileReference; includeInIndex = 1; lastKnownFileType = text.xcconfig; name = "Pods-Astro.debug.xcconfig"; path = "Pods/Target Support Files/Pods-Astro/Pods-Astro.debug.xcconfig"; sourceTree = "<group>"; };
		EB31C2D11FA80C5800D70A84 /* Astro.app */ = {isa = PBXFileReference; explicitFileType = wrapper.application; includeInIndex = 0; path = Astro.app; sourceTree = BUILT_PRODUCTS_DIR; };
		EB31C2D41FA80C5800D70A84 /* AppDelegate.swift */ = {isa = PBXFileReference; lastKnownFileType = sourcecode.swift; path = AppDelegate.swift; sourceTree = "<group>"; };
		EB31C2D91FA80C5800D70A84 /* Base */ = {isa = PBXFileReference; lastKnownFileType = file.storyboard; name = Base; path = Base.lproj/Main.storyboard; sourceTree = "<group>"; };
		EB31C2DB1FA80C5800D70A84 /* Assets.xcassets */ = {isa = PBXFileReference; lastKnownFileType = folder.assetcatalog; path = Assets.xcassets; sourceTree = "<group>"; };
		EB31C2DE1FA80C5800D70A84 /* Base */ = {isa = PBXFileReference; lastKnownFileType = file.storyboard; name = Base; path = Base.lproj/LaunchScreen.storyboard; sourceTree = "<group>"; };
		EB31C2E01FA80C5800D70A84 /* Info.plist */ = {isa = PBXFileReference; lastKnownFileType = text.plist.xml; path = Info.plist; sourceTree = "<group>"; };
		EB31C2E51FA80C5900D70A84 /* AstroTests.xctest */ = {isa = PBXFileReference; explicitFileType = wrapper.cfbundle; includeInIndex = 0; path = AstroTests.xctest; sourceTree = BUILT_PRODUCTS_DIR; };
		EB31C2E91FA80C5900D70A84 /* AstroTests.swift */ = {isa = PBXFileReference; lastKnownFileType = sourcecode.swift; path = AstroTests.swift; sourceTree = "<group>"; };
		EB31C2EB1FA80C5900D70A84 /* Info.plist */ = {isa = PBXFileReference; lastKnownFileType = text.plist.xml; path = Info.plist; sourceTree = "<group>"; };
		EB31C2F01FA80C5900D70A84 /* AstroUITests.xctest */ = {isa = PBXFileReference; explicitFileType = wrapper.cfbundle; includeInIndex = 0; path = AstroUITests.xctest; sourceTree = BUILT_PRODUCTS_DIR; };
		EB31C2F41FA80C5900D70A84 /* AstroUITests.swift */ = {isa = PBXFileReference; lastKnownFileType = sourcecode.swift; path = AstroUITests.swift; sourceTree = "<group>"; };
		EB31C2F61FA80C5900D70A84 /* Info.plist */ = {isa = PBXFileReference; lastKnownFileType = text.plist.xml; path = Info.plist; sourceTree = "<group>"; };
		EB31C3051FA81C5600D70A84 /* CoreData.framework */ = {isa = PBXFileReference; lastKnownFileType = wrapper.framework; name = CoreData.framework; path = System/Library/Frameworks/CoreData.framework; sourceTree = SDKROOT; };
		EB31C3081FA81C8900D70A84 /* Astro.xcdatamodel */ = {isa = PBXFileReference; lastKnownFileType = wrapper.xcdatamodel; path = Astro.xcdatamodel; sourceTree = "<group>"; };
		EB31C30A1FA81D7300D70A84 /* PersistenceError.swift */ = {isa = PBXFileReference; lastKnownFileType = sourcecode.swift; path = PersistenceError.swift; sourceTree = "<group>"; };
		EB31C30C1FA81D9000D70A84 /* Endpoints.swift */ = {isa = PBXFileReference; lastKnownFileType = sourcecode.swift; path = Endpoints.swift; sourceTree = "<group>"; };
		EB31C30E1FA81EBC00D70A84 /* Channel.swift */ = {isa = PBXFileReference; lastKnownFileType = sourcecode.swift; path = Channel.swift; sourceTree = "<group>"; };
		EB31C3101FA81F9E00D70A84 /* Channel+CoreDataProperties.swift */ = {isa = PBXFileReference; lastKnownFileType = sourcecode.swift; path = "Channel+CoreDataProperties.swift"; sourceTree = "<group>"; };
		EB31C3121FA81FF600D70A84 /* ChannelModel.swift */ = {isa = PBXFileReference; lastKnownFileType = sourcecode.swift; path = ChannelModel.swift; sourceTree = "<group>"; };
		EB31C3141FA8221800D70A84 /* CoreDataStore.swift */ = {isa = PBXFileReference; lastKnownFileType = sourcecode.swift; path = CoreDataStore.swift; sourceTree = "<group>"; };
		EB31C3181FA82CB200D70A84 /* TabbarProtocols.swift */ = {isa = PBXFileReference; lastKnownFileType = sourcecode.swift; path = TabbarProtocols.swift; sourceTree = "<group>"; };
		EB31C31B1FA82CFA00D70A84 /* TabbarWireframe.swift */ = {isa = PBXFileReference; lastKnownFileType = sourcecode.swift; path = TabbarWireframe.swift; sourceTree = "<group>"; };
		EB31C31F1FA830B600D70A84 /* ChannelListProtocols.swift */ = {isa = PBXFileReference; lastKnownFileType = sourcecode.swift; path = ChannelListProtocols.swift; sourceTree = "<group>"; };
		EB4AF04A1FA86BE9001B73D1 /* ResponseModel.swift */ = {isa = PBXFileReference; lastKnownFileType = sourcecode.swift; path = ResponseModel.swift; sourceTree = "<group>"; };
		EB4AF04F1FA87022001B73D1 /* GuideView.swift */ = {isa = PBXFileReference; lastKnownFileType = sourcecode.swift; path = GuideView.swift; sourceTree = "<group>"; };
		EB4AF0501FA87022001B73D1 /* GuideView.xib */ = {isa = PBXFileReference; lastKnownFileType = file.xib; path = GuideView.xib; sourceTree = "<group>"; };
		EB4AF0541FA87060001B73D1 /* GuideWireframe.swift */ = {isa = PBXFileReference; lastKnownFileType = sourcecode.swift; path = GuideWireframe.swift; sourceTree = "<group>"; };
		EB4AF0561FA870D9001B73D1 /* GuideProtocols.swift */ = {isa = PBXFileReference; lastKnownFileType = sourcecode.swift; path = GuideProtocols.swift; sourceTree = "<group>"; };
		EB4AF0591FA8773B001B73D1 /* ChannelListWireframeTests.swift */ = {isa = PBXFileReference; lastKnownFileType = sourcecode.swift; path = ChannelListWireframeTests.swift; sourceTree = "<group>"; };
		EB4AF05C1FA87B30001B73D1 /* GuideWireframeTests.swift */ = {isa = PBXFileReference; lastKnownFileType = sourcecode.swift; path = GuideWireframeTests.swift; sourceTree = "<group>"; };
		EBD01B351FA844C8008C50EC /* ChannelListCell.swift */ = {isa = PBXFileReference; lastKnownFileType = sourcecode.swift; path = ChannelListCell.swift; sourceTree = "<group>"; };
		EBD01B361FA844C8008C50EC /* ChannelListCell.xib */ = {isa = PBXFileReference; lastKnownFileType = file.xib; path = ChannelListCell.xib; sourceTree = "<group>"; };
		EBD01B391FA848A7008C50EC /* ChannelListView.swift */ = {isa = PBXFileReference; lastKnownFileType = sourcecode.swift; path = ChannelListView.swift; sourceTree = "<group>"; };
		EBD01B3A1FA848A7008C50EC /* ChannelListView.xib */ = {isa = PBXFileReference; lastKnownFileType = file.xib; path = ChannelListView.xib; sourceTree = "<group>"; };
		EBD01B3E1FA84B3F008C50EC /* ChannelListPresenter.swift */ = {isa = PBXFileReference; lastKnownFileType = sourcecode.swift; path = ChannelListPresenter.swift; sourceTree = "<group>"; };
		EBD01B411FA84BFF008C50EC /* ChannelListWireframe.swift */ = {isa = PBXFileReference; lastKnownFileType = sourcecode.swift; path = ChannelListWireframe.swift; sourceTree = "<group>"; };
		EBD01B441FA84FA8008C50EC /* ChannelListInteractor.swift */ = {isa = PBXFileReference; lastKnownFileType = sourcecode.swift; path = ChannelListInteractor.swift; sourceTree = "<group>"; };
		EBD01B481FA85255008C50EC /* ChannelListLocalDataManager.swift */ = {isa = PBXFileReference; lastKnownFileType = sourcecode.swift; path = ChannelListLocalDataManager.swift; sourceTree = "<group>"; };
		EBD01B4B1FA85401008C50EC /* ChannelListRemoteDataManager.swift */ = {isa = PBXFileReference; lastKnownFileType = sourcecode.swift; path = ChannelListRemoteDataManager.swift; sourceTree = "<group>"; };
		EE009D3C7980778883295819 /* Pods-AstroUITests.debug.xcconfig */ = {isa = PBXFileReference; includeInIndex = 1; lastKnownFileType = text.xcconfig; name = "Pods-AstroUITests.debug.xcconfig"; path = "Pods/Target Support Files/Pods-AstroUITests/Pods-AstroUITests.debug.xcconfig"; sourceTree = "<group>"; };
		FDD0E2ED5E5215A5E2AB4DC7 /* Pods-AstroTests.release.xcconfig */ = {isa = PBXFileReference; includeInIndex = 1; lastKnownFileType = text.xcconfig; name = "Pods-AstroTests.release.xcconfig"; path = "Pods/Target Support Files/Pods-AstroTests/Pods-AstroTests.release.xcconfig"; sourceTree = "<group>"; };
/* End PBXFileReference section */

/* Begin PBXFrameworksBuildPhase section */
		EB31C2CE1FA80C5800D70A84 /* Frameworks */ = {
			isa = PBXFrameworksBuildPhase;
			buildActionMask = 2147483647;
			files = (
				EB31C3061FA81C5600D70A84 /* CoreData.framework in Frameworks */,
				B3A192CF0C6D6545E29E59A8 /* Pods_Astro.framework in Frameworks */,
			);
			runOnlyForDeploymentPostprocessing = 0;
		};
		EB31C2E21FA80C5900D70A84 /* Frameworks */ = {
			isa = PBXFrameworksBuildPhase;
			buildActionMask = 2147483647;
			files = (
				94E557D2E80C6AEC408A6F10 /* Pods_AstroTests.framework in Frameworks */,
			);
			runOnlyForDeploymentPostprocessing = 0;
		};
		EB31C2ED1FA80C5900D70A84 /* Frameworks */ = {
			isa = PBXFrameworksBuildPhase;
			buildActionMask = 2147483647;
			files = (
				8E117D41CE6706FAE2A46EE0 /* Pods_AstroUITests.framework in Frameworks */,
			);
			runOnlyForDeploymentPostprocessing = 0;
		};
/* End PBXFrameworksBuildPhase section */

/* Begin PBXGroup section */
		2EA66D1141FB005BC6397567 /* Pods */ = {
			isa = PBXGroup;
			children = (
				9CC3BBA86F7A67B6395127C8 /* Pods-Astro.debug.xcconfig */,
				587E186F74EB691D56119523 /* Pods-Astro.release.xcconfig */,
				1A4154789D775F6C1A0EBE26 /* Pods-AstroTests.debug.xcconfig */,
				FDD0E2ED5E5215A5E2AB4DC7 /* Pods-AstroTests.release.xcconfig */,
				EE009D3C7980778883295819 /* Pods-AstroUITests.debug.xcconfig */,
				78E8772252A16AB3144843C1 /* Pods-AstroUITests.release.xcconfig */,
			);
			name = Pods;
			sourceTree = "<group>";
		};
		EB31C2C81FA80C5800D70A84 = {
			isa = PBXGroup;
			children = (
				EB31C2D31FA80C5800D70A84 /* Astro */,
				EB31C2E81FA80C5900D70A84 /* AstroTests */,
				EB31C2F31FA80C5900D70A84 /* AstroUITests */,
				EB31C2D21FA80C5800D70A84 /* Products */,
				2EA66D1141FB005BC6397567 /* Pods */,
				FC3A74EFD042451A980F49CC /* Frameworks */,
			);
			sourceTree = "<group>";
		};
		EB31C2D21FA80C5800D70A84 /* Products */ = {
			isa = PBXGroup;
			children = (
				EB31C2D11FA80C5800D70A84 /* Astro.app */,
				EB31C2E51FA80C5900D70A84 /* AstroTests.xctest */,
				EB31C2F01FA80C5900D70A84 /* AstroUITests.xctest */,
			);
			name = Products;
			sourceTree = "<group>";
		};
		EB31C2D31FA80C5800D70A84 /* Astro */ = {
			isa = PBXGroup;
			children = (
				EB31C3021FA8191500D70A84 /* Common */,
				EB31C3031FA8192200D70A84 /* Entities */,
				EB31C31D1FA82F9D00D70A84 /* ChannelList */,
				EB4AF04C1FA86FAB001B73D1 /* TvGuide */,
				EB31C3161FA82C8D00D70A84 /* Tabbar */,
				EB31C2D41FA80C5800D70A84 /* AppDelegate.swift */,
				EB31C3141FA8221800D70A84 /* CoreDataStore.swift */,
				EB31C2DB1FA80C5800D70A84 /* Assets.xcassets */,
				EB31C2DD1FA80C5800D70A84 /* LaunchScreen.storyboard */,
				EB31C2D81FA80C5800D70A84 /* Main.storyboard */,
				EB31C2E01FA80C5800D70A84 /* Info.plist */,
				EB31C3071FA81C8900D70A84 /* Astro.xcdatamodeld */,
			);
			path = Astro;
			sourceTree = "<group>";
		};
		EB31C2E81FA80C5900D70A84 /* AstroTests */ = {
			isa = PBXGroup;
			children = (
				EB4AF05B1FA87B11001B73D1 /* TvGuide */,
				EB4AF0581FA87724001B73D1 /* ChannelList */,
				EB31C2E91FA80C5900D70A84 /* AstroTests.swift */,
				EB31C2EB1FA80C5900D70A84 /* Info.plist */,
			);
			path = AstroTests;
			sourceTree = "<group>";
		};
		EB31C2F31FA80C5900D70A84 /* AstroUITests */ = {
			isa = PBXGroup;
			children = (
				EB31C2F41FA80C5900D70A84 /* AstroUITests.swift */,
				EB31C2F61FA80C5900D70A84 /* Info.plist */,
			);
			path = AstroUITests;
			sourceTree = "<group>";
		};
		EB31C3021FA8191500D70A84 /* Common */ = {
			isa = PBXGroup;
			children = (
				EB31C30A1FA81D7300D70A84 /* PersistenceError.swift */,
				EB31C30C1FA81D9000D70A84 /* Endpoints.swift */,
			);
			path = Common;
			sourceTree = "<group>";
		};
		EB31C3031FA8192200D70A84 /* Entities */ = {
			isa = PBXGroup;
			children = (
				EB31C30E1FA81EBC00D70A84 /* Channel.swift */,
				EB31C3101FA81F9E00D70A84 /* Channel+CoreDataProperties.swift */,
				EB31C3121FA81FF600D70A84 /* ChannelModel.swift */,
				EB4AF04A1FA86BE9001B73D1 /* ResponseModel.swift */,
			);
			path = Entities;
			sourceTree = "<group>";
		};
		EB31C3161FA82C8D00D70A84 /* Tabbar */ = {
			isa = PBXGroup;
			children = (
				EB31C31A1FA82CE300D70A84 /* Wireframe */,
				EB31C3171FA82C9D00D70A84 /* Protocols */,
			);
			path = Tabbar;
			sourceTree = "<group>";
		};
		EB31C3171FA82C9D00D70A84 /* Protocols */ = {
			isa = PBXGroup;
			children = (
				EB31C3181FA82CB200D70A84 /* TabbarProtocols.swift */,
			);
			path = Protocols;
			sourceTree = "<group>";
		};
		EB31C31A1FA82CE300D70A84 /* Wireframe */ = {
			isa = PBXGroup;
			children = (
				EB31C31B1FA82CFA00D70A84 /* TabbarWireframe.swift */,
			);
			path = Wireframe;
			sourceTree = "<group>";
		};
		EB31C31D1FA82F9D00D70A84 /* ChannelList */ = {
			isa = PBXGroup;
			children = (
				EBD01B461FA85231008C50EC /* DataManager */,
				EBD01B431FA84F8D008C50EC /* Interactor */,
				EBD01B401FA84BE9008C50EC /* Wireframe */,
				EBD01B3D1FA84AF7008C50EC /* Presenter */,
				EBD01B341FA8449C008C50EC /* Views */,
				EB31C31E1FA82FB800D70A84 /* Protocols */,
			);
			path = ChannelList;
			sourceTree = "<group>";
		};
		EB31C31E1FA82FB800D70A84 /* Protocols */ = {
			isa = PBXGroup;
			children = (
				EB31C31F1FA830B600D70A84 /* ChannelListProtocols.swift */,
			);
			path = Protocols;
			sourceTree = "<group>";
		};
		EB4AF04C1FA86FAB001B73D1 /* TvGuide */ = {
			isa = PBXGroup;
			children = (
				EB4AF0531FA8704C001B73D1 /* Wireframe */,
				EB4AF04E1FA87006001B73D1 /* Views */,
				EB4AF04D1FA86FCD001B73D1 /* Protocols */,
			);
			path = TvGuide;
			sourceTree = "<group>";
		};
		EB4AF04D1FA86FCD001B73D1 /* Protocols */ = {
			isa = PBXGroup;
			children = (
				EB4AF0561FA870D9001B73D1 /* GuideProtocols.swift */,
			);
			path = Protocols;
			sourceTree = "<group>";
		};
		EB4AF04E1FA87006001B73D1 /* Views */ = {
			isa = PBXGroup;
			children = (
				EB4AF04F1FA87022001B73D1 /* GuideView.swift */,
				EB4AF0501FA87022001B73D1 /* GuideView.xib */,
			);
			path = Views;
			sourceTree = "<group>";
		};
		EB4AF0531FA8704C001B73D1 /* Wireframe */ = {
			isa = PBXGroup;
			children = (
				EB4AF0541FA87060001B73D1 /* GuideWireframe.swift */,
			);
			path = Wireframe;
			sourceTree = "<group>";
		};
		EB4AF0581FA87724001B73D1 /* ChannelList */ = {
			isa = PBXGroup;
			children = (
				EB4AF0591FA8773B001B73D1 /* ChannelListWireframeTests.swift */,
			);
			path = ChannelList;
			sourceTree = "<group>";
		};
		EB4AF05B1FA87B11001B73D1 /* TvGuide */ = {
			isa = PBXGroup;
			children = (
				EB4AF05C1FA87B30001B73D1 /* GuideWireframeTests.swift */,
			);
			path = TvGuide;
			sourceTree = "<group>";
		};
		EBD01B341FA8449C008C50EC /* Views */ = {
			isa = PBXGroup;
			children = (
				EBD01B351FA844C8008C50EC /* ChannelListCell.swift */,
				EBD01B361FA844C8008C50EC /* ChannelListCell.xib */,
				EBD01B391FA848A7008C50EC /* ChannelListView.swift */,
				EBD01B3A1FA848A7008C50EC /* ChannelListView.xib */,
			);
			path = Views;
			sourceTree = "<group>";
		};
		EBD01B3D1FA84AF7008C50EC /* Presenter */ = {
			isa = PBXGroup;
			children = (
				EBD01B3E1FA84B3F008C50EC /* ChannelListPresenter.swift */,
			);
			path = Presenter;
			sourceTree = "<group>";
		};
		EBD01B401FA84BE9008C50EC /* Wireframe */ = {
			isa = PBXGroup;
			children = (
				EBD01B411FA84BFF008C50EC /* ChannelListWireframe.swift */,
			);
			path = Wireframe;
			sourceTree = "<group>";
		};
		EBD01B431FA84F8D008C50EC /* Interactor */ = {
			isa = PBXGroup;
			children = (
				EBD01B441FA84FA8008C50EC /* ChannelListInteractor.swift */,
			);
			path = Interactor;
			sourceTree = "<group>";
		};
		EBD01B461FA85231008C50EC /* DataManager */ = {
			isa = PBXGroup;
			children = (
				EBD01B4A1FA853E7008C50EC /* Remote */,
				EBD01B471FA8523D008C50EC /* Local */,
			);
			path = DataManager;
			sourceTree = "<group>";
		};
		EBD01B471FA8523D008C50EC /* Local */ = {
			isa = PBXGroup;
			children = (
				EBD01B481FA85255008C50EC /* ChannelListLocalDataManager.swift */,
			);
			path = Local;
			sourceTree = "<group>";
		};
		EBD01B4A1FA853E7008C50EC /* Remote */ = {
			isa = PBXGroup;
			children = (
				EBD01B4B1FA85401008C50EC /* ChannelListRemoteDataManager.swift */,
			);
			path = Remote;
			sourceTree = "<group>";
		};
		FC3A74EFD042451A980F49CC /* Frameworks */ = {
			isa = PBXGroup;
			children = (
				EB31C3051FA81C5600D70A84 /* CoreData.framework */,
				53D12C995DCBF5517DF0FF7E /* Pods_Astro.framework */,
				0B945CA394A76EAA8FD3D086 /* Pods_AstroTests.framework */,
				828337F619A946F80221D1ED /* Pods_AstroUITests.framework */,
			);
			name = Frameworks;
			sourceTree = "<group>";
		};
/* End PBXGroup section */

/* Begin PBXNativeTarget section */
		EB31C2D01FA80C5800D70A84 /* Astro */ = {
			isa = PBXNativeTarget;
			buildConfigurationList = EB31C2F91FA80C5900D70A84 /* Build configuration list for PBXNativeTarget "Astro" */;
			buildPhases = (
				ECA72F7EC2CC360CBA54DF30 /* [CP] Check Pods Manifest.lock */,
				EB31C2CD1FA80C5800D70A84 /* Sources */,
				EB31C2CE1FA80C5800D70A84 /* Frameworks */,
				EB31C2CF1FA80C5800D70A84 /* Resources */,
				63E0E687AE53D4A3AAF14D81 /* [CP] Embed Pods Frameworks */,
				D408F1D6F31BB7CF468AEA89 /* [CP] Copy Pods Resources */,
			);
			buildRules = (
			);
			dependencies = (
			);
			name = Astro;
			productName = Astro;
			productReference = EB31C2D11FA80C5800D70A84 /* Astro.app */;
			productType = "com.apple.product-type.application";
		};
		EB31C2E41FA80C5900D70A84 /* AstroTests */ = {
			isa = PBXNativeTarget;
			buildConfigurationList = EB31C2FC1FA80C5900D70A84 /* Build configuration list for PBXNativeTarget "AstroTests" */;
			buildPhases = (
				61ECD03DB32D4B61ABFF8A86 /* [CP] Check Pods Manifest.lock */,
				EB31C2E11FA80C5900D70A84 /* Sources */,
				EB31C2E21FA80C5900D70A84 /* Frameworks */,
				EB31C2E31FA80C5900D70A84 /* Resources */,
				DE26CB7FCD59FB5E771DB94A /* [CP] Embed Pods Frameworks */,
				6C09880064215C6A71133539 /* [CP] Copy Pods Resources */,
			);
			buildRules = (
			);
			dependencies = (
				EB31C2E71FA80C5900D70A84 /* PBXTargetDependency */,
			);
			name = AstroTests;
			productName = AstroTests;
			productReference = EB31C2E51FA80C5900D70A84 /* AstroTests.xctest */;
			productType = "com.apple.product-type.bundle.unit-test";
		};
		EB31C2EF1FA80C5900D70A84 /* AstroUITests */ = {
			isa = PBXNativeTarget;
			buildConfigurationList = EB31C2FF1FA80C5900D70A84 /* Build configuration list for PBXNativeTarget "AstroUITests" */;
			buildPhases = (
				8B5472535013B19D71DC3E69 /* [CP] Check Pods Manifest.lock */,
				EB31C2EC1FA80C5900D70A84 /* Sources */,
				EB31C2ED1FA80C5900D70A84 /* Frameworks */,
				EB31C2EE1FA80C5900D70A84 /* Resources */,
				81B59AD0E1D725D95676CDCE /* [CP] Embed Pods Frameworks */,
				8BF49D920066152B6549C6C0 /* [CP] Copy Pods Resources */,
			);
			buildRules = (
			);
			dependencies = (
				EB31C2F21FA80C5900D70A84 /* PBXTargetDependency */,
			);
			name = AstroUITests;
			productName = AstroUITests;
			productReference = EB31C2F01FA80C5900D70A84 /* AstroUITests.xctest */;
			productType = "com.apple.product-type.bundle.ui-testing";
		};
/* End PBXNativeTarget section */

/* Begin PBXProject section */
		EB31C2C91FA80C5800D70A84 /* Project object */ = {
			isa = PBXProject;
			attributes = {
				LastSwiftUpdateCheck = 0900;
				LastUpgradeCheck = 0900;
				ORGANIZATIONNAME = TriNgo;
				TargetAttributes = {
					EB31C2D01FA80C5800D70A84 = {
						CreatedOnToolsVersion = 9.0;
						ProvisioningStyle = Automatic;
					};
					EB31C2E41FA80C5900D70A84 = {
						CreatedOnToolsVersion = 9.0;
						ProvisioningStyle = Automatic;
						TestTargetID = EB31C2D01FA80C5800D70A84;
					};
					EB31C2EF1FA80C5900D70A84 = {
						CreatedOnToolsVersion = 9.0;
						ProvisioningStyle = Automatic;
						TestTargetID = EB31C2D01FA80C5800D70A84;
					};
				};
			};
			buildConfigurationList = EB31C2CC1FA80C5800D70A84 /* Build configuration list for PBXProject "Astro" */;
			compatibilityVersion = "Xcode 8.0";
			developmentRegion = en;
			hasScannedForEncodings = 0;
			knownRegions = (
				en,
				Base,
			);
			mainGroup = EB31C2C81FA80C5800D70A84;
			productRefGroup = EB31C2D21FA80C5800D70A84 /* Products */;
			projectDirPath = "";
			projectRoot = "";
			targets = (
				EB31C2D01FA80C5800D70A84 /* Astro */,
				EB31C2E41FA80C5900D70A84 /* AstroTests */,
				EB31C2EF1FA80C5900D70A84 /* AstroUITests */,
			);
		};
/* End PBXProject section */

/* Begin PBXResourcesBuildPhase section */
		EB31C2CF1FA80C5800D70A84 /* Resources */ = {
			isa = PBXResourcesBuildPhase;
			buildActionMask = 2147483647;
			files = (
				EB31C2DF1FA80C5800D70A84 /* LaunchScreen.storyboard in Resources */,
				EBD01B381FA844C8008C50EC /* ChannelListCell.xib in Resources */,
				EB31C2DC1FA80C5800D70A84 /* Assets.xcassets in Resources */,
				EB4AF0521FA87022001B73D1 /* GuideView.xib in Resources */,
				EB31C2DA1FA80C5800D70A84 /* Main.storyboard in Resources */,
				EBD01B3C1FA848A7008C50EC /* ChannelListView.xib in Resources */,
			);
			runOnlyForDeploymentPostprocessing = 0;
		};
		EB31C2E31FA80C5900D70A84 /* Resources */ = {
			isa = PBXResourcesBuildPhase;
			buildActionMask = 2147483647;
			files = (
			);
			runOnlyForDeploymentPostprocessing = 0;
		};
		EB31C2EE1FA80C5900D70A84 /* Resources */ = {
			isa = PBXResourcesBuildPhase;
			buildActionMask = 2147483647;
			files = (
			);
			runOnlyForDeploymentPostprocessing = 0;
		};
/* End PBXResourcesBuildPhase section */

/* Begin PBXShellScriptBuildPhase section */
		61ECD03DB32D4B61ABFF8A86 /* [CP] Check Pods Manifest.lock */ = {
			isa = PBXShellScriptBuildPhase;
			buildActionMask = 2147483647;
			files = (
			);
			inputPaths = (
			);
			name = "[CP] Check Pods Manifest.lock";
			outputPaths = (
			);
			runOnlyForDeploymentPostprocessing = 0;
			shellPath = /bin/sh;
			shellScript = "diff \"${PODS_PODFILE_DIR_PATH}/Podfile.lock\" \"${PODS_ROOT}/Manifest.lock\" > /dev/null\nif [ $? != 0 ] ; then\n    # print error to STDERR\n    echo \"error: The sandbox is not in sync with the Podfile.lock. Run 'pod install' or update your CocoaPods installation.\" >&2\n    exit 1\nfi\n";
			showEnvVarsInLog = 0;
		};
		63E0E687AE53D4A3AAF14D81 /* [CP] Embed Pods Frameworks */ = {
			isa = PBXShellScriptBuildPhase;
			buildActionMask = 2147483647;
			files = (
			);
			inputPaths = (
			);
			name = "[CP] Embed Pods Frameworks";
			outputPaths = (
			);
			runOnlyForDeploymentPostprocessing = 0;
			shellPath = /bin/sh;
			shellScript = "\"${SRCROOT}/Pods/Target Support Files/Pods-Astro/Pods-Astro-frameworks.sh\"\n";
			showEnvVarsInLog = 0;
		};
		6C09880064215C6A71133539 /* [CP] Copy Pods Resources */ = {
			isa = PBXShellScriptBuildPhase;
			buildActionMask = 2147483647;
			files = (
			);
			inputPaths = (
			);
			name = "[CP] Copy Pods Resources";
			outputPaths = (
			);
			runOnlyForDeploymentPostprocessing = 0;
			shellPath = /bin/sh;
			shellScript = "\"${SRCROOT}/Pods/Target Support Files/Pods-AstroTests/Pods-AstroTests-resources.sh\"\n";
			showEnvVarsInLog = 0;
		};
		81B59AD0E1D725D95676CDCE /* [CP] Embed Pods Frameworks */ = {
			isa = PBXShellScriptBuildPhase;
			buildActionMask = 2147483647;
			files = (
			);
			inputPaths = (
			);
			name = "[CP] Embed Pods Frameworks";
			outputPaths = (
			);
			runOnlyForDeploymentPostprocessing = 0;
			shellPath = /bin/sh;
			shellScript = "\"${SRCROOT}/Pods/Target Support Files/Pods-AstroUITests/Pods-AstroUITests-frameworks.sh\"\n";
			showEnvVarsInLog = 0;
		};
		8B5472535013B19D71DC3E69 /* [CP] Check Pods Manifest.lock */ = {
			isa = PBXShellScriptBuildPhase;
			buildActionMask = 2147483647;
			files = (
			);
			inputPaths = (
			);
			name = "[CP] Check Pods Manifest.lock";
			outputPaths = (
			);
			runOnlyForDeploymentPostprocessing = 0;
			shellPath = /bin/sh;
			shellScript = "diff \"${PODS_PODFILE_DIR_PATH}/Podfile.lock\" \"${PODS_ROOT}/Manifest.lock\" > /dev/null\nif [ $? != 0 ] ; then\n    # print error to STDERR\n    echo \"error: The sandbox is not in sync with the Podfile.lock. Run 'pod install' or update your CocoaPods installation.\" >&2\n    exit 1\nfi\n";
			showEnvVarsInLog = 0;
		};
		8BF49D920066152B6549C6C0 /* [CP] Copy Pods Resources */ = {
			isa = PBXShellScriptBuildPhase;
			buildActionMask = 2147483647;
			files = (
			);
			inputPaths = (
			);
			name = "[CP] Copy Pods Resources";
			outputPaths = (
			);
			runOnlyForDeploymentPostprocessing = 0;
			shellPath = /bin/sh;
			shellScript = "\"${SRCROOT}/Pods/Target Support Files/Pods-AstroUITests/Pods-AstroUITests-resources.sh\"\n";
			showEnvVarsInLog = 0;
		};
		D408F1D6F31BB7CF468AEA89 /* [CP] Copy Pods Resources */ = {
			isa = PBXShellScriptBuildPhase;
			buildActionMask = 2147483647;
			files = (
			);
			inputPaths = (
			);
			name = "[CP] Copy Pods Resources";
			outputPaths = (
			);
			runOnlyForDeploymentPostprocessing = 0;
			shellPath = /bin/sh;
			shellScript = "\"${SRCROOT}/Pods/Target Support Files/Pods-Astro/Pods-Astro-resources.sh\"\n";
			showEnvVarsInLog = 0;
		};
		DE26CB7FCD59FB5E771DB94A /* [CP] Embed Pods Frameworks */ = {
			isa = PBXShellScriptBuildPhase;
			buildActionMask = 2147483647;
			files = (
			);
			inputPaths = (
			);
			name = "[CP] Embed Pods Frameworks";
			outputPaths = (
			);
			runOnlyForDeploymentPostprocessing = 0;
			shellPath = /bin/sh;
			shellScript = "\"${SRCROOT}/Pods/Target Support Files/Pods-AstroTests/Pods-AstroTests-frameworks.sh\"\n";
			showEnvVarsInLog = 0;
		};
		ECA72F7EC2CC360CBA54DF30 /* [CP] Check Pods Manifest.lock */ = {
			isa = PBXShellScriptBuildPhase;
			buildActionMask = 2147483647;
			files = (
			);
			inputPaths = (
			);
			name = "[CP] Check Pods Manifest.lock";
			outputPaths = (
			);
			runOnlyForDeploymentPostprocessing = 0;
			shellPath = /bin/sh;
			shellScript = "diff \"${PODS_PODFILE_DIR_PATH}/Podfile.lock\" \"${PODS_ROOT}/Manifest.lock\" > /dev/null\nif [ $? != 0 ] ; then\n    # print error to STDERR\n    echo \"error: The sandbox is not in sync with the Podfile.lock. Run 'pod install' or update your CocoaPods installation.\" >&2\n    exit 1\nfi\n";
			showEnvVarsInLog = 0;
		};
/* End PBXShellScriptBuildPhase section */

/* Begin PBXSourcesBuildPhase section */
		EB31C2CD1FA80C5800D70A84 /* Sources */ = {
			isa = PBXSourcesBuildPhase;
			buildActionMask = 2147483647;
			files = (
				EB31C31C1FA82CFA00D70A84 /* TabbarWireframe.swift in Sources */,
				EB31C3201FA830B600D70A84 /* ChannelListProtocols.swift in Sources */,
				EBD01B3B1FA848A7008C50EC /* ChannelListView.swift in Sources */,
				EB31C3151FA8221800D70A84 /* CoreDataStore.swift in Sources */,
				EB31C30B1FA81D7300D70A84 /* PersistenceError.swift in Sources */,
				EB31C30F1FA81EBC00D70A84 /* Channel.swift in Sources */,
				EBD01B491FA85255008C50EC /* ChannelListLocalDataManager.swift in Sources */,
				EBD01B451FA84FA8008C50EC /* ChannelListInteractor.swift in Sources */,
				EBD01B371FA844C8008C50EC /* ChannelListCell.swift in Sources */,
				EBD01B4C1FA85401008C50EC /* ChannelListRemoteDataManager.swift in Sources */,
				EB31C3091FA81C8900D70A84 /* Astro.xcdatamodeld in Sources */,
				EB31C2D51FA80C5800D70A84 /* AppDelegate.swift in Sources */,
				EBD01B421FA84BFF008C50EC /* ChannelListWireframe.swift in Sources */,
				EB31C3111FA81F9E00D70A84 /* Channel+CoreDataProperties.swift in Sources */,
				EB4AF0551FA87060001B73D1 /* GuideWireframe.swift in Sources */,
				EB31C30D1FA81D9000D70A84 /* Endpoints.swift in Sources */,
				EB31C3191FA82CB200D70A84 /* TabbarProtocols.swift in Sources */,
				EBD01B3F1FA84B3F008C50EC /* ChannelListPresenter.swift in Sources */,
				EB4AF0571FA870D9001B73D1 /* GuideProtocols.swift in Sources */,
				EB31C3131FA81FF600D70A84 /* ChannelModel.swift in Sources */,
				EB4AF04B1FA86BE9001B73D1 /* ResponseModel.swift in Sources */,
				EB4AF0511FA87022001B73D1 /* GuideView.swift in Sources */,
			);
			runOnlyForDeploymentPostprocessing = 0;
		};
		EB31C2E11FA80C5900D70A84 /* Sources */ = {
			isa = PBXSourcesBuildPhase;
			buildActionMask = 2147483647;
			files = (
				EB4AF05A1FA8773B001B73D1 /* ChannelListWireframeTests.swift in Sources */,
				EB4AF05D1FA87B30001B73D1 /* GuideWireframeTests.swift in Sources */,
				EB31C2EA1FA80C5900D70A84 /* AstroTests.swift in Sources */,
			);
			runOnlyForDeploymentPostprocessing = 0;
		};
		EB31C2EC1FA80C5900D70A84 /* Sources */ = {
			isa = PBXSourcesBuildPhase;
			buildActionMask = 2147483647;
			files = (
				EB31C2F51FA80C5900D70A84 /* AstroUITests.swift in Sources */,
			);
			runOnlyForDeploymentPostprocessing = 0;
		};
/* End PBXSourcesBuildPhase section */

/* Begin PBXTargetDependency section */
		EB31C2E71FA80C5900D70A84 /* PBXTargetDependency */ = {
			isa = PBXTargetDependency;
			target = EB31C2D01FA80C5800D70A84 /* Astro */;
			targetProxy = EB31C2E61FA80C5900D70A84 /* PBXContainerItemProxy */;
		};
		EB31C2F21FA80C5900D70A84 /* PBXTargetDependency */ = {
			isa = PBXTargetDependency;
			target = EB31C2D01FA80C5800D70A84 /* Astro */;
			targetProxy = EB31C2F11FA80C5900D70A84 /* PBXContainerItemProxy */;
		};
/* End PBXTargetDependency section */

/* Begin PBXVariantGroup section */
		EB31C2D81FA80C5800D70A84 /* Main.storyboard */ = {
			isa = PBXVariantGroup;
			children = (
				EB31C2D91FA80C5800D70A84 /* Base */,
			);
			name = Main.storyboard;
			sourceTree = "<group>";
		};
		EB31C2DD1FA80C5800D70A84 /* LaunchScreen.storyboard */ = {
			isa = PBXVariantGroup;
			children = (
				EB31C2DE1FA80C5800D70A84 /* Base */,
			);
			name = LaunchScreen.storyboard;
			sourceTree = "<group>";
		};
/* End PBXVariantGroup section */

/* Begin XCBuildConfiguration section */
		EB31C2F71FA80C5900D70A84 /* Debug */ = {
			isa = XCBuildConfiguration;
			buildSettings = {
				ALWAYS_SEARCH_USER_PATHS = NO;
				CLANG_ANALYZER_NONNULL = YES;
				CLANG_ANALYZER_NUMBER_OBJECT_CONVERSION = YES_AGGRESSIVE;
				CLANG_CXX_LANGUAGE_STANDARD = "gnu++14";
				CLANG_CXX_LIBRARY = "libc++";
				CLANG_ENABLE_MODULES = YES;
				CLANG_ENABLE_OBJC_ARC = YES;
				CLANG_WARN_BLOCK_CAPTURE_AUTORELEASING = YES;
				CLANG_WARN_BOOL_CONVERSION = YES;
				CLANG_WARN_COMMA = YES;
				CLANG_WARN_CONSTANT_CONVERSION = YES;
				CLANG_WARN_DIRECT_OBJC_ISA_USAGE = YES_ERROR;
				CLANG_WARN_DOCUMENTATION_COMMENTS = YES;
				CLANG_WARN_EMPTY_BODY = YES;
				CLANG_WARN_ENUM_CONVERSION = YES;
				CLANG_WARN_INFINITE_RECURSION = YES;
				CLANG_WARN_INT_CONVERSION = YES;
				CLANG_WARN_NON_LITERAL_NULL_CONVERSION = YES;
				CLANG_WARN_OBJC_LITERAL_CONVERSION = YES;
				CLANG_WARN_OBJC_ROOT_CLASS = YES_ERROR;
				CLANG_WARN_RANGE_LOOP_ANALYSIS = YES;
				CLANG_WARN_STRICT_PROTOTYPES = YES;
				CLANG_WARN_SUSPICIOUS_MOVE = YES;
				CLANG_WARN_UNGUARDED_AVAILABILITY = YES_AGGRESSIVE;
				CLANG_WARN_UNREACHABLE_CODE = YES;
				CLANG_WARN__DUPLICATE_METHOD_MATCH = YES;
				CODE_SIGN_IDENTITY = "iPhone Developer";
				COPY_PHASE_STRIP = NO;
				DEBUG_INFORMATION_FORMAT = dwarf;
				ENABLE_STRICT_OBJC_MSGSEND = YES;
				ENABLE_TESTABILITY = YES;
				GCC_C_LANGUAGE_STANDARD = gnu11;
				GCC_DYNAMIC_NO_PIC = NO;
				GCC_NO_COMMON_BLOCKS = YES;
				GCC_OPTIMIZATION_LEVEL = 0;
				GCC_PREPROCESSOR_DEFINITIONS = (
					"DEBUG=1",
					"$(inherited)",
				);
				GCC_WARN_64_TO_32_BIT_CONVERSION = YES;
				GCC_WARN_ABOUT_RETURN_TYPE = YES_ERROR;
				GCC_WARN_UNDECLARED_SELECTOR = YES;
				GCC_WARN_UNINITIALIZED_AUTOS = YES_AGGRESSIVE;
				GCC_WARN_UNUSED_FUNCTION = YES;
				GCC_WARN_UNUSED_VARIABLE = YES;
				IPHONEOS_DEPLOYMENT_TARGET = 11.0;
				MTL_ENABLE_DEBUG_INFO = YES;
				ONLY_ACTIVE_ARCH = YES;
				SDKROOT = iphoneos;
				SWIFT_ACTIVE_COMPILATION_CONDITIONS = DEBUG;
				SWIFT_OPTIMIZATION_LEVEL = "-Onone";
			};
			name = Debug;
		};
		EB31C2F81FA80C5900D70A84 /* Release */ = {
			isa = XCBuildConfiguration;
			buildSettings = {
				ALWAYS_SEARCH_USER_PATHS = NO;
				CLANG_ANALYZER_NONNULL = YES;
				CLANG_ANALYZER_NUMBER_OBJECT_CONVERSION = YES_AGGRESSIVE;
				CLANG_CXX_LANGUAGE_STANDARD = "gnu++14";
				CLANG_CXX_LIBRARY = "libc++";
				CLANG_ENABLE_MODULES = YES;
				CLANG_ENABLE_OBJC_ARC = YES;
				CLANG_WARN_BLOCK_CAPTURE_AUTORELEASING = YES;
				CLANG_WARN_BOOL_CONVERSION = YES;
				CLANG_WARN_COMMA = YES;
				CLANG_WARN_CONSTANT_CONVERSION = YES;
				CLANG_WARN_DIRECT_OBJC_ISA_USAGE = YES_ERROR;
				CLANG_WARN_DOCUMENTATION_COMMENTS = YES;
				CLANG_WARN_EMPTY_BODY = YES;
				CLANG_WARN_ENUM_CONVERSION = YES;
				CLANG_WARN_INFINITE_RECURSION = YES;
				CLANG_WARN_INT_CONVERSION = YES;
				CLANG_WARN_NON_LITERAL_NULL_CONVERSION = YES;
				CLANG_WARN_OBJC_LITERAL_CONVERSION = YES;
				CLANG_WARN_OBJC_ROOT_CLASS = YES_ERROR;
				CLANG_WARN_RANGE_LOOP_ANALYSIS = YES;
				CLANG_WARN_STRICT_PROTOTYPES = YES;
				CLANG_WARN_SUSPICIOUS_MOVE = YES;
				CLANG_WARN_UNGUARDED_AVAILABILITY = YES_AGGRESSIVE;
				CLANG_WARN_UNREACHABLE_CODE = YES;
				CLANG_WARN__DUPLICATE_METHOD_MATCH = YES;
				CODE_SIGN_IDENTITY = "iPhone Developer";
				COPY_PHASE_STRIP = NO;
				DEBUG_INFORMATION_FORMAT = "dwarf-with-dsym";
				ENABLE_NS_ASSERTIONS = NO;
				ENABLE_STRICT_OBJC_MSGSEND = YES;
				GCC_C_LANGUAGE_STANDARD = gnu11;
				GCC_NO_COMMON_BLOCKS = YES;
				GCC_WARN_64_TO_32_BIT_CONVERSION = YES;
				GCC_WARN_ABOUT_RETURN_TYPE = YES_ERROR;
				GCC_WARN_UNDECLARED_SELECTOR = YES;
				GCC_WARN_UNINITIALIZED_AUTOS = YES_AGGRESSIVE;
				GCC_WARN_UNUSED_FUNCTION = YES;
				GCC_WARN_UNUSED_VARIABLE = YES;
				IPHONEOS_DEPLOYMENT_TARGET = 11.0;
				MTL_ENABLE_DEBUG_INFO = NO;
				SDKROOT = iphoneos;
				SWIFT_OPTIMIZATION_LEVEL = "-Owholemodule";
				VALIDATE_PRODUCT = YES;
			};
			name = Release;
		};
		EB31C2FA1FA80C5900D70A84 /* Debug */ = {
			isa = XCBuildConfiguration;
			baseConfigurationReference = 9CC3BBA86F7A67B6395127C8 /* Pods-Astro.debug.xcconfig */;
			buildSettings = {
				ASSETCATALOG_COMPILER_APPICON_NAME = AppIcon;
				CODE_SIGN_STYLE = Automatic;
				INFOPLIST_FILE = Astro/Info.plist;
				LD_RUNPATH_SEARCH_PATHS = "$(inherited) @executable_path/Frameworks";
				PRODUCT_BUNDLE_IDENTIFIER = com.tringo.astro.Astro;
				PRODUCT_NAME = "$(TARGET_NAME)";
				SWIFT_VERSION = 4.0;
				TARGETED_DEVICE_FAMILY = "1,2";
			};
			name = Debug;
		};
		EB31C2FB1FA80C5900D70A84 /* Release */ = {
			isa = XCBuildConfiguration;
			baseConfigurationReference = 587E186F74EB691D56119523 /* Pods-Astro.release.xcconfig */;
			buildSettings = {
				ASSETCATALOG_COMPILER_APPICON_NAME = AppIcon;
				CODE_SIGN_STYLE = Automatic;
				INFOPLIST_FILE = Astro/Info.plist;
				LD_RUNPATH_SEARCH_PATHS = "$(inherited) @executable_path/Frameworks";
				PRODUCT_BUNDLE_IDENTIFIER = com.tringo.astro.Astro;
				PRODUCT_NAME = "$(TARGET_NAME)";
				SWIFT_VERSION = 4.0;
				TARGETED_DEVICE_FAMILY = "1,2";
			};
			name = Release;
		};
		EB31C2FD1FA80C5900D70A84 /* Debug */ = {
			isa = XCBuildConfiguration;
			baseConfigurationReference = 1A4154789D775F6C1A0EBE26 /* Pods-AstroTests.debug.xcconfig */;
			buildSettings = {
				ALWAYS_EMBED_SWIFT_STANDARD_LIBRARIES = YES;
				BUNDLE_LOADER = "$(TEST_HOST)";
				CODE_SIGN_STYLE = Automatic;
				INFOPLIST_FILE = AstroTests/Info.plist;
				LD_RUNPATH_SEARCH_PATHS = "$(inherited) @executable_path/Frameworks @loader_path/Frameworks";
				PRODUCT_BUNDLE_IDENTIFIER = com.tringo.astro.AstroTests;
				PRODUCT_NAME = "$(TARGET_NAME)";
				SWIFT_VERSION = 4.0;
				TARGETED_DEVICE_FAMILY = "1,2";
				TEST_HOST = "$(BUILT_PRODUCTS_DIR)/Astro.app/Astro";
			};
			name = Debug;
		};
		EB31C2FE1FA80C5900D70A84 /* Release */ = {
			isa = XCBuildConfiguration;
			baseConfigurationReference = FDD0E2ED5E5215A5E2AB4DC7 /* Pods-AstroTests.release.xcconfig */;
			buildSettings = {
				ALWAYS_EMBED_SWIFT_STANDARD_LIBRARIES = YES;
				BUNDLE_LOADER = "$(TEST_HOST)";
				CODE_SIGN_STYLE = Automatic;
				INFOPLIST_FILE = AstroTests/Info.plist;
				LD_RUNPATH_SEARCH_PATHS = "$(inherited) @executable_path/Frameworks @loader_path/Frameworks";
				PRODUCT_BUNDLE_IDENTIFIER = com.tringo.astro.AstroTests;
				PRODUCT_NAME = "$(TARGET_NAME)";
				SWIFT_VERSION = 4.0;
				TARGETED_DEVICE_FAMILY = "1,2";
				TEST_HOST = "$(BUILT_PRODUCTS_DIR)/Astro.app/Astro";
			};
			name = Release;
		};
		EB31C3001FA80C5900D70A84 /* Debug */ = {
			isa = XCBuildConfiguration;
			baseConfigurationReference = EE009D3C7980778883295819 /* Pods-AstroUITests.debug.xcconfig */;
			buildSettings = {
				ALWAYS_EMBED_SWIFT_STANDARD_LIBRARIES = YES;
				CODE_SIGN_STYLE = Automatic;
				INFOPLIST_FILE = AstroUITests/Info.plist;
				LD_RUNPATH_SEARCH_PATHS = "$(inherited) @executable_path/Frameworks @loader_path/Frameworks";
				PRODUCT_BUNDLE_IDENTIFIER = com.tringo.astro.AstroUITests;
				PRODUCT_NAME = "$(TARGET_NAME)";
				SWIFT_VERSION = 4.0;
				TARGETED_DEVICE_FAMILY = "1,2";
				TEST_TARGET_NAME = Astro;
			};
			name = Debug;
		};
		EB31C3011FA80C5900D70A84 /* Release */ = {
			isa = XCBuildConfiguration;
			baseConfigurationReference = 78E8772252A16AB3144843C1 /* Pods-AstroUITests.release.xcconfig */;
			buildSettings = {
				ALWAYS_EMBED_SWIFT_STANDARD_LIBRARIES = YES;
				CODE_SIGN_STYLE = Automatic;
				INFOPLIST_FILE = AstroUITests/Info.plist;
				LD_RUNPATH_SEARCH_PATHS = "$(inherited) @executable_path/Frameworks @loader_path/Frameworks";
				PRODUCT_BUNDLE_IDENTIFIER = com.tringo.astro.AstroUITests;
				PRODUCT_NAME = "$(TARGET_NAME)";
				SWIFT_VERSION = 4.0;
				TARGETED_DEVICE_FAMILY = "1,2";
				TEST_TARGET_NAME = Astro;
			};
			name = Release;
		};
/* End XCBuildConfiguration section */

/* Begin XCConfigurationList section */
		EB31C2CC1FA80C5800D70A84 /* Build configuration list for PBXProject "Astro" */ = {
			isa = XCConfigurationList;
			buildConfigurations = (
				EB31C2F71FA80C5900D70A84 /* Debug */,
				EB31C2F81FA80C5900D70A84 /* Release */,
			);
			defaultConfigurationIsVisible = 0;
			defaultConfigurationName = Release;
		};
		EB31C2F91FA80C5900D70A84 /* Build configuration list for PBXNativeTarget "Astro" */ = {
			isa = XCConfigurationList;
			buildConfigurations = (
				EB31C2FA1FA80C5900D70A84 /* Debug */,
				EB31C2FB1FA80C5900D70A84 /* Release */,
			);
			defaultConfigurationIsVisible = 0;
			defaultConfigurationName = Release;
		};
		EB31C2FC1FA80C5900D70A84 /* Build configuration list for PBXNativeTarget "AstroTests" */ = {
			isa = XCConfigurationList;
			buildConfigurations = (
				EB31C2FD1FA80C5900D70A84 /* Debug */,
				EB31C2FE1FA80C5900D70A84 /* Release */,
			);
			defaultConfigurationIsVisible = 0;
			defaultConfigurationName = Release;
		};
		EB31C2FF1FA80C5900D70A84 /* Build configuration list for PBXNativeTarget "AstroUITests" */ = {
			isa = XCConfigurationList;
			buildConfigurations = (
				EB31C3001FA80C5900D70A84 /* Debug */,
				EB31C3011FA80C5900D70A84 /* Release */,
			);
			defaultConfigurationIsVisible = 0;
			defaultConfigurationName = Release;
		};
/* End XCConfigurationList section */

/* Begin XCVersionGroup section */
		EB31C3071FA81C8900D70A84 /* Astro.xcdatamodeld */ = {
			isa = XCVersionGroup;
			children = (
				EB31C3081FA81C8900D70A84 /* Astro.xcdatamodel */,
			);
			currentVersion = EB31C3081FA81C8900D70A84 /* Astro.xcdatamodel */;
			path = Astro.xcdatamodeld;
			sourceTree = "<group>";
			versionGroupType = wrapper.xcdatamodel;
		};
/* End XCVersionGroup section */
	};
	rootObject = EB31C2C91FA80C5800D70A84 /* Project object */;
}
